
Microsoft Visual Studio Solution File, Format Version 12.00
# Visual Studio Version 17
VisualStudioVersion = 17.10.35013.160
MinimumVisualStudioVersion = 10.0.40219.1
Project("{9A19103F-16F7-4668-BE54-9A1E7A4F7556}") = "Domain", "Domain\Domain.csproj", "{5F10890A-200B-4926-8A4E-0C6FAE840725}"
EndProject
Project("{9A19103F-16F7-4668-BE54-9A1E7A4F7556}") = "Infrastructure", "Infrastructure\Infrastructure.csproj", "{8C5F19CF-D0DB-42C7-84FB-6FCE95868131}"
EndProject
Project("{9A19103F-16F7-4668-BE54-9A1E7A4F7556}") = "WebApi", "WepApi\WebApi.csproj", "{22828D8B-7A4A-40B1-8AE2-43009D757023}"
EndProject
Project("{9A19103F-16F7-4668-BE54-9A1E7A4F7556}") = "Application", "Application\Application.csproj", "{77658F5E-2C60-4950-A33E-EBD79752D016}"
EndProject
Global
	GlobalSection(SolutionConfigurationPlatforms) = preSolution
		Debug|Any CPU = Debug|Any CPU
		Release|Any CPU = Release|Any CPU
	EndGlobalSection
	GlobalSection(ProjectConfigurationPlatforms) = postSolution
		{5F10890A-200B-4926-8A4E-0C6FAE840725}.Debug|Any CPU.ActiveCfg = Debug|Any CPU
		{5F10890A-200B-4926-8A4E-0C6FAE840725}.Debug|Any CPU.Build.0 = Debug|Any CPU
		{5F10890A-200B-4926-8A4E-0C6FAE840725}.Release|Any CPU.ActiveCfg = Release|Any CPU
		{5F10890A-200B-4926-8A4E-0C6FAE840725}.Release|Any CPU.Build.0 = Release|Any CPU
		{8C5F19CF-D0DB-42C7-84FB-6FCE95868131}.Debug|Any CPU.ActiveCfg = Debug|Any CPU
		{8C5F19CF-D0DB-42C7-84FB-6FCE95868131}.Debug|Any CPU.Build.0 = Debug|Any CPU
		{8C5F19CF-D0DB-42C7-84FB-6FCE95868131}.Release|Any CPU.ActiveCfg = Release|Any CPU
		{8C5F19CF-D0DB-42C7-84FB-6FCE95868131}.Release|Any CPU.Build.0 = Release|Any CPU
		{22828D8B-7A4A-40B1-8AE2-43009D757023}.Debug|Any CPU.ActiveCfg = Debug|Any CPU
		{22828D8B-7A4A-40B1-8AE2-43009D757023}.Debug|Any CPU.Build.0 = Debug|Any CPU
		{22828D8B-7A4A-40B1-8AE2-43009D757023}.Release|Any CPU.ActiveCfg = Release|Any CPU
		{22828D8B-7A4A-40B1-8AE2-43009D757023}.Release|Any CPU.Build.0 = Release|Any CPU
		{77658F5E-2C60-4950-A33E-EBD79752D016}.Debug|Any CPU.ActiveCfg = Debug|Any CPU
		{77658F5E-2C60-4950-A33E-EBD79752D016}.Debug|Any CPU.Build.0 = Debug|Any CPU
		{77658F5E-2C60-4950-A33E-EBD79752D016}.Release|Any CPU.ActiveCfg = Release|Any CPU
		{77658F5E-2C60-4950-A33E-EBD79752D016}.Release|Any CPU.Build.0 = Release|Any CPU
	EndGlobalSection
	GlobalSection(SolutionProperties) = preSolution
		HideSolutionNode = FALSE
	EndGlobalSection
	GlobalSection(ExtensibilityGlobals) = postSolution
		SolutionGuid = {B94C4FE0-7495-4040-92A2-B6719D6925C0}
	EndGlobalSection
EndGlobal
